{
  "nodes": {
    "dde-nixos": {
      "inputs": {
        "flake-utils": "flake-utils",
        "nixpkgs": [
          "nixpkgs"
        ]
      },
      "locked": {
        "lastModified": 1670822498,
        "narHash": "sha256-0Aoo2i6ArcbeJNJPtruPY+BTZKNdQX0t0SXbNszIReA=",
        "owner": "linuxdeepin",
        "repo": "dde-nixos",
        "rev": "6c9f88442651865a05f545c693ee4e5a9653385f",
        "type": "github"
      },
      "original": {
        "owner": "linuxdeepin",
        "repo": "dde-nixos",
        "type": "github"
      }
    },
    "flake-utils": {
      "locked": {
        "lastModified": 1667395993,
        "narHash": "sha256-nuEHfE/LcWyuSWnS8t12N1wc105Qtau+/OdUAjtQ0rA=",
        "owner": "numtide",
        "repo": "flake-utils",
        "rev": "5aed5285a952e0b949eb3ba02c12fa4fcfef535f",
        "type": "github"
      },
      "original": {
        "owner": "numtide",
        "repo": "flake-utils",
        "type": "github"
      }
    },
    "nixpkgs": {
      "locked": {
        "lastModified": 1670772952,
        "narHash": "sha256-b7V3cGtMNcQ5c6hwRqqX+eIuNUj+O3orsb64BKPR9yc=",
        "owner": "NixOS",
        "repo": "nixpkgs",
        "rev": "dfef2e61107dc19c211ead99a5a61374ad8317f4",
        "type": "github"
      },
      "original": {
        "owner": "NixOS",
        "ref": "nixos-22.11",
        "repo": "nixpkgs",
        "type": "github"
      }
    },
    "root": {
      "inputs": {
        "dde-nixos": "dde-nixos",
        "nixpkgs": "nixpkgs",
        "yes": "yes"
      }
    },
    "yes": {
      "flake": false,
      "locked": {
        "lastModified": 1670566090,
        "narHash": "sha256-MgEcfomacwk08payL99rDOXyCoVjZr2Jvfam2ec/aKg=",
        "owner": "SamLukeYes",
        "repo": "nix-custom-packages",
        "rev": "237085befa64df486b4e5b7433503abfc95c25da",
        "type": "github"
      },
      "original": {
        "owner": "SamLukeYes",
        "repo": "nix-custom-packages",
        "type": "github"
      }
    }
  },
  "root": "root",
  "version": 7
}
