{
  "nodes": {
    "dde-nixos": {
      "inputs": {
        "flake-utils": "flake-utils",
        "nixpkgs": [
          "nixpkgs"
        ]
      },
      "locked": {
        "lastModified": 1671804038,
        "narHash": "sha256-VZkhKj5+ha/HokRKpWwjygE2depcIAELXqVOK/cu9/g=",
        "owner": "linuxdeepin",
        "repo": "dde-nixos",
        "rev": "276e1a4ffb729a70f6483d35d81157e189e47ce5",
        "type": "github"
      },
      "original": {
        "owner": "linuxdeepin",
        "repo": "dde-nixos",
        "type": "github"
      }
    },
    "flake-utils": {
      "locked": {
        "lastModified": 1667395993,
        "narHash": "sha256-nuEHfE/LcWyuSWnS8t12N1wc105Qtau+/OdUAjtQ0rA=",
        "owner": "numtide",
        "repo": "flake-utils",
        "rev": "5aed5285a952e0b949eb3ba02c12fa4fcfef535f",
        "type": "github"
      },
      "original": {
        "owner": "numtide",
        "repo": "flake-utils",
        "type": "github"
      }
    },
    "nixpkgs": {
      "locked": {
        "lastModified": 1671525405,
        "narHash": "sha256-MEgNxm/oRt5w4ycMENewfZQKOak0ixmjVPfXM96N1FA=",
        "owner": "NixOS",
        "repo": "nixpkgs",
        "rev": "cbe419ed4c8f98bd82d169c321d339ea30904f1f",
        "type": "github"
      },
      "original": {
        "owner": "NixOS",
        "ref": "nixos-22.11",
        "repo": "nixpkgs",
        "type": "github"
      }
    },
    "root": {
      "inputs": {
        "dde-nixos": "dde-nixos",
        "nixpkgs": "nixpkgs",
        "yes": "yes"
      }
    },
    "yes": {
      "flake": false,
      "locked": {
        "lastModified": 1671592343,
        "narHash": "sha256-b12nTnqrum/0/oKzNHblTcYuq+3W7qwonVU5kFVplZI=",
        "owner": "SamLukeYes",
        "repo": "nix-custom-packages",
        "rev": "1bf17f74903575699d89083731f646d1d552c3ed",
        "type": "github"
      },
      "original": {
        "owner": "SamLukeYes",
        "repo": "nix-custom-packages",
        "type": "github"
      }
    }
  },
  "root": "root",
  "version": 7
}
