{
  "nodes": {
    "dde-nixos": {
      "inputs": {
        "flake-utils": "flake-utils",
        "nixpkgs": [
          "nixpkgs"
        ]
      },
      "locked": {
        "lastModified": 1671812647,
        "narHash": "sha256-+sS8qihDikMhHJ0+7K0vSG4rLg3piKIPeaaEkdy1zXo=",
        "owner": "linuxdeepin",
        "repo": "dde-nixos",
        "rev": "1becc4ed7eed720f74f9e35d3659462642bf3212",
        "type": "github"
      },
      "original": {
        "owner": "linuxdeepin",
        "repo": "dde-nixos",
        "type": "github"
      }
    },
    "flake-utils": {
      "locked": {
        "lastModified": 1667395993,
        "narHash": "sha256-nuEHfE/LcWyuSWnS8t12N1wc105Qtau+/OdUAjtQ0rA=",
        "owner": "numtide",
        "repo": "flake-utils",
        "rev": "5aed5285a952e0b949eb3ba02c12fa4fcfef535f",
        "type": "github"
      },
      "original": {
        "owner": "numtide",
        "repo": "flake-utils",
        "type": "github"
      }
    },
    "nixpkgs": {
      "locked": {
        "lastModified": 1671752829,
        "narHash": "sha256-oFeJzAq0iRL6md9Si8Tx9bltjwjLmldvgUmAteMhYW4=",
        "owner": "NixOS",
        "repo": "nixpkgs",
        "rev": "9898811c658d39b2692d0ab744377e02fd85d08b",
        "type": "github"
      },
      "original": {
        "owner": "NixOS",
        "ref": "nixos-22.11",
        "repo": "nixpkgs",
        "type": "github"
      }
    },
    "root": {
      "inputs": {
        "dde-nixos": "dde-nixos",
        "nixpkgs": "nixpkgs",
        "yes": "yes"
      }
    },
    "yes": {
      "flake": false,
      "locked": {
        "lastModified": 1671592343,
        "narHash": "sha256-b12nTnqrum/0/oKzNHblTcYuq+3W7qwonVU5kFVplZI=",
        "owner": "SamLukeYes",
        "repo": "nix-custom-packages",
        "rev": "1bf17f74903575699d89083731f646d1d552c3ed",
        "type": "github"
      },
      "original": {
        "owner": "SamLukeYes",
        "repo": "nix-custom-packages",
        "type": "github"
      }
    }
  },
  "root": "root",
  "version": 7
}
